// !$*UTF8*$!
{
	archiveVersion = 1;
	classes = {
	};
	objectVersion = 50;
	objects = {

/* Begin PBXBuildFile section */
		196230FE5F3FD4CDD8619BB0 /* Pods_ThumbStagramUITests.framework in Frameworks */ = {isa = PBXBuildFile; fileRef = 37CA3077ECFDB6E8C25EDFC7 /* Pods_ThumbStagramUITests.framework */; };
		230078922103867500BEC73F /* AppDelegate.swift in Sources */ = {isa = PBXBuildFile; fileRef = 230078912103867500BEC73F /* AppDelegate.swift */; };
		230078942103867500BEC73F /* RootViewController.swift in Sources */ = {isa = PBXBuildFile; fileRef = 230078932103867500BEC73F /* RootViewController.swift */; };
		230078972103867500BEC73F /* Main.storyboard in Resources */ = {isa = PBXBuildFile; fileRef = 230078952103867500BEC73F /* Main.storyboard */; };
		230078992103867800BEC73F /* Assets.xcassets in Resources */ = {isa = PBXBuildFile; fileRef = 230078982103867800BEC73F /* Assets.xcassets */; };
		2300789C2103867800BEC73F /* LaunchScreen.storyboard in Resources */ = {isa = PBXBuildFile; fileRef = 2300789A2103867800BEC73F /* LaunchScreen.storyboard */; };
		230078A72103867800BEC73F /* ThumbStagramTests.swift in Sources */ = {isa = PBXBuildFile; fileRef = 230078A62103867800BEC73F /* ThumbStagramTests.swift */; };
		230078B22103867800BEC73F /* ThumbStagramUITests.swift in Sources */ = {isa = PBXBuildFile; fileRef = 230078B12103867800BEC73F /* ThumbStagramUITests.swift */; };
		5EA8A796C7B6B330025649E1 /* Pods_ThumbStagramTests.framework in Frameworks */ = {isa = PBXBuildFile; fileRef = 333393F94404A0C15CC3EB33 /* Pods_ThumbStagramTests.framework */; };
		9AA93D782105A6BB00158E37 /* Security.framework in Frameworks */ = {isa = PBXBuildFile; fileRef = 9AA93D772105A6BB00158E37 /* Security.framework */; };
		9AE1A21721055984007152F6 /* NetworkManager.swift in Sources */ = {isa = PBXBuildFile; fileRef = 9AE1A21621055984007152F6 /* NetworkManager.swift */; };
		9AE1A21A210566AD007152F6 /* AuthViewController.swift in Sources */ = {isa = PBXBuildFile; fileRef = 9AE1A219210566AD007152F6 /* AuthViewController.swift */; };
		DA39431DAABE27D7B5099A3F /* Pods_ThumbStagram.framework in Frameworks */ = {isa = PBXBuildFile; fileRef = 0CEFF3D0F13A9B1E3F60ACCC /* Pods_ThumbStagram.framework */; };
/* End PBXBuildFile section */

/* Begin PBXContainerItemProxy section */
		230078A32103867800BEC73F /* PBXContainerItemProxy */ = {
			isa = PBXContainerItemProxy;
			containerPortal = 230078862103867500BEC73F /* Project object */;
			proxyType = 1;
			remoteGlobalIDString = 2300788D2103867500BEC73F;
			remoteInfo = ThumbStagram;
		};
		230078AE2103867800BEC73F /* PBXContainerItemProxy */ = {
			isa = PBXContainerItemProxy;
			containerPortal = 230078862103867500BEC73F /* Project object */;
			proxyType = 1;
			remoteGlobalIDString = 2300788D2103867500BEC73F;
			remoteInfo = ThumbStagram;
		};
/* End PBXContainerItemProxy section */

/* Begin PBXFileReference section */
		0CEFF3D0F13A9B1E3F60ACCC /* Pods_ThumbStagram.framework */ = {isa = PBXFileReference; explicitFileType = wrapper.framework; includeInIndex = 0; path = Pods_ThumbStagram.framework; sourceTree = BUILT_PRODUCTS_DIR; };
		2300788E2103867500BEC73F /* ThumbStagram.app */ = {isa = PBXFileReference; explicitFileType = wrapper.application; includeInIndex = 0; path = ThumbStagram.app; sourceTree = BUILT_PRODUCTS_DIR; };
		230078912103867500BEC73F /* AppDelegate.swift */ = {isa = PBXFileReference; lastKnownFileType = sourcecode.swift; path = AppDelegate.swift; sourceTree = "<group>"; };
		230078932103867500BEC73F /* RootViewController.swift */ = {isa = PBXFileReference; lastKnownFileType = sourcecode.swift; path = RootViewController.swift; sourceTree = "<group>"; };
		230078962103867500BEC73F /* Base */ = {isa = PBXFileReference; lastKnownFileType = file.storyboard; name = Base; path = Base.lproj/Main.storyboard; sourceTree = "<group>"; };
		230078982103867800BEC73F /* Assets.xcassets */ = {isa = PBXFileReference; lastKnownFileType = folder.assetcatalog; path = Assets.xcassets; sourceTree = "<group>"; };
		2300789B2103867800BEC73F /* Base */ = {isa = PBXFileReference; lastKnownFileType = file.storyboard; name = Base; path = Base.lproj/LaunchScreen.storyboard; sourceTree = "<group>"; };
		2300789D2103867800BEC73F /* Info.plist */ = {isa = PBXFileReference; lastKnownFileType = text.plist.xml; path = Info.plist; sourceTree = "<group>"; };
		230078A22103867800BEC73F /* ThumbStagramTests.xctest */ = {isa = PBXFileReference; explicitFileType = wrapper.cfbundle; includeInIndex = 0; path = ThumbStagramTests.xctest; sourceTree = BUILT_PRODUCTS_DIR; };
		230078A62103867800BEC73F /* ThumbStagramTests.swift */ = {isa = PBXFileReference; lastKnownFileType = sourcecode.swift; path = ThumbStagramTests.swift; sourceTree = "<group>"; };
		230078A82103867800BEC73F /* Info.plist */ = {isa = PBXFileReference; lastKnownFileType = text.plist.xml; path = Info.plist; sourceTree = "<group>"; };
		230078AD2103867800BEC73F /* ThumbStagramUITests.xctest */ = {isa = PBXFileReference; explicitFileType = wrapper.cfbundle; includeInIndex = 0; path = ThumbStagramUITests.xctest; sourceTree = BUILT_PRODUCTS_DIR; };
		230078B12103867800BEC73F /* ThumbStagramUITests.swift */ = {isa = PBXFileReference; lastKnownFileType = sourcecode.swift; path = ThumbStagramUITests.swift; sourceTree = "<group>"; };
		230078B32103867800BEC73F /* Info.plist */ = {isa = PBXFileReference; lastKnownFileType = text.plist.xml; path = Info.plist; sourceTree = "<group>"; };
		333393F94404A0C15CC3EB33 /* Pods_ThumbStagramTests.framework */ = {isa = PBXFileReference; explicitFileType = wrapper.framework; includeInIndex = 0; path = Pods_ThumbStagramTests.framework; sourceTree = BUILT_PRODUCTS_DIR; };
		37CA3077ECFDB6E8C25EDFC7 /* Pods_ThumbStagramUITests.framework */ = {isa = PBXFileReference; explicitFileType = wrapper.framework; includeInIndex = 0; path = Pods_ThumbStagramUITests.framework; sourceTree = BUILT_PRODUCTS_DIR; };
		3C0B2F51D3DB6A4B1BD4BCBC /* Pods-ThumbStagram.release.xcconfig */ = {isa = PBXFileReference; includeInIndex = 1; lastKnownFileType = text.xcconfig; name = "Pods-ThumbStagram.release.xcconfig"; path = "Pods/Target Support Files/Pods-ThumbStagram/Pods-ThumbStagram.release.xcconfig"; sourceTree = "<group>"; };
		7F296E6FF72048EDF22F1482 /* Pods-ThumbStagram.debug.xcconfig */ = {isa = PBXFileReference; includeInIndex = 1; lastKnownFileType = text.xcconfig; name = "Pods-ThumbStagram.debug.xcconfig"; path = "Pods/Target Support Files/Pods-ThumbStagram/Pods-ThumbStagram.debug.xcconfig"; sourceTree = "<group>"; };
		906D3D42CAB62A57BFA333D4 /* Pods-ThumbStagramTests.debug.xcconfig */ = {isa = PBXFileReference; includeInIndex = 1; lastKnownFileType = text.xcconfig; name = "Pods-ThumbStagramTests.debug.xcconfig"; path = "Pods/Target Support Files/Pods-ThumbStagramTests/Pods-ThumbStagramTests.debug.xcconfig"; sourceTree = "<group>"; };
		9AA93D772105A6BB00158E37 /* Security.framework */ = {isa = PBXFileReference; lastKnownFileType = wrapper.framework; name = Security.framework; path = System/Library/Frameworks/Security.framework; sourceTree = SDKROOT; };
		9AE1A21621055984007152F6 /* NetworkManager.swift */ = {isa = PBXFileReference; lastKnownFileType = sourcecode.swift; path = NetworkManager.swift; sourceTree = "<group>"; };
		9AE1A219210566AD007152F6 /* AuthViewController.swift */ = {isa = PBXFileReference; lastKnownFileType = sourcecode.swift; path = AuthViewController.swift; sourceTree = "<group>"; };
		B493C989CA397708C6367B34 /* Pods-ThumbStagramUITests.debug.xcconfig */ = {isa = PBXFileReference; includeInIndex = 1; lastKnownFileType = text.xcconfig; name = "Pods-ThumbStagramUITests.debug.xcconfig"; path = "Pods/Target Support Files/Pods-ThumbStagramUITests/Pods-ThumbStagramUITests.debug.xcconfig"; sourceTree = "<group>"; };
		E52E74A55928250D80B2B6A3 /* Pods-ThumbStagramUITests.release.xcconfig */ = {isa = PBXFileReference; includeInIndex = 1; lastKnownFileType = text.xcconfig; name = "Pods-ThumbStagramUITests.release.xcconfig"; path = "Pods/Target Support Files/Pods-ThumbStagramUITests/Pods-ThumbStagramUITests.release.xcconfig"; sourceTree = "<group>"; };
		F40E1212F0527B6EC643FB5A /* Pods-ThumbStagramTests.release.xcconfig */ = {isa = PBXFileReference; includeInIndex = 1; lastKnownFileType = text.xcconfig; name = "Pods-ThumbStagramTests.release.xcconfig"; path = "Pods/Target Support Files/Pods-ThumbStagramTests/Pods-ThumbStagramTests.release.xcconfig"; sourceTree = "<group>"; };
/* End PBXFileReference section */

/* Begin PBXFrameworksBuildPhase section */
		2300788B2103867500BEC73F /* Frameworks */ = {
			isa = PBXFrameworksBuildPhase;
			buildActionMask = 2147483647;
			files = (
				9AA93D782105A6BB00158E37 /* Security.framework in Frameworks */,
				DA39431DAABE27D7B5099A3F /* Pods_ThumbStagram.framework in Frameworks */,
			);
			runOnlyForDeploymentPostprocessing = 0;
		};
		2300789F2103867800BEC73F /* Frameworks */ = {
			isa = PBXFrameworksBuildPhase;
			buildActionMask = 2147483647;
			files = (
				5EA8A796C7B6B330025649E1 /* Pods_ThumbStagramTests.framework in Frameworks */,
			);
			runOnlyForDeploymentPostprocessing = 0;
		};
		230078AA2103867800BEC73F /* Frameworks */ = {
			isa = PBXFrameworksBuildPhase;
			buildActionMask = 2147483647;
			files = (
				196230FE5F3FD4CDD8619BB0 /* Pods_ThumbStagramUITests.framework in Frameworks */,
			);
			runOnlyForDeploymentPostprocessing = 0;
		};
/* End PBXFrameworksBuildPhase section */

/* Begin PBXGroup section */
		230078852103867500BEC73F = {
			isa = PBXGroup;
			children = (
				230078902103867500BEC73F /* ThumbStagram */,
				230078A52103867800BEC73F /* ThumbStagramTests */,
				230078B02103867800BEC73F /* ThumbStagramUITests */,
				2300788F2103867500BEC73F /* Products */,
				5747F9908B0677AE1EF060D0 /* Pods */,
				A7A5463C2A433216F007098F /* Frameworks */,
			);
			sourceTree = "<group>";
		};
		2300788F2103867500BEC73F /* Products */ = {
			isa = PBXGroup;
			children = (
				2300788E2103867500BEC73F /* ThumbStagram.app */,
				230078A22103867800BEC73F /* ThumbStagramTests.xctest */,
				230078AD2103867800BEC73F /* ThumbStagramUITests.xctest */,
			);
			name = Products;
			sourceTree = "<group>";
		};
		230078902103867500BEC73F /* ThumbStagram */ = {
			isa = PBXGroup;
			children = (
				9AE1A2182105665B007152F6 /* ViewControllers */,
				9AE1A21521055963007152F6 /* Network */,
				230078912103867500BEC73F /* AppDelegate.swift */,
				230078952103867500BEC73F /* Main.storyboard */,
				230078982103867800BEC73F /* Assets.xcassets */,
				2300789A2103867800BEC73F /* LaunchScreen.storyboard */,
				2300789D2103867800BEC73F /* Info.plist */,
			);
			path = ThumbStagram;
			sourceTree = "<group>";
		};
		230078A52103867800BEC73F /* ThumbStagramTests */ = {
			isa = PBXGroup;
			children = (
				230078A62103867800BEC73F /* ThumbStagramTests.swift */,
				230078A82103867800BEC73F /* Info.plist */,
			);
			path = ThumbStagramTests;
			sourceTree = "<group>";
		};
		230078B02103867800BEC73F /* ThumbStagramUITests */ = {
			isa = PBXGroup;
			children = (
				230078B12103867800BEC73F /* ThumbStagramUITests.swift */,
				230078B32103867800BEC73F /* Info.plist */,
			);
			path = ThumbStagramUITests;
			sourceTree = "<group>";
		};
		5747F9908B0677AE1EF060D0 /* Pods */ = {
			isa = PBXGroup;
			children = (
				7F296E6FF72048EDF22F1482 /* Pods-ThumbStagram.debug.xcconfig */,
				3C0B2F51D3DB6A4B1BD4BCBC /* Pods-ThumbStagram.release.xcconfig */,
				906D3D42CAB62A57BFA333D4 /* Pods-ThumbStagramTests.debug.xcconfig */,
				F40E1212F0527B6EC643FB5A /* Pods-ThumbStagramTests.release.xcconfig */,
				B493C989CA397708C6367B34 /* Pods-ThumbStagramUITests.debug.xcconfig */,
				E52E74A55928250D80B2B6A3 /* Pods-ThumbStagramUITests.release.xcconfig */,
			);
			name = Pods;
			sourceTree = "<group>";
		};
		9AE1A21521055963007152F6 /* Network */ = {
			isa = PBXGroup;
			children = (
				9AE1A21621055984007152F6 /* NetworkManager.swift */,
			);
			path = Network;
			sourceTree = "<group>";
		};
		9AE1A2182105665B007152F6 /* ViewControllers */ = {
			isa = PBXGroup;
			children = (
				9AE1A219210566AD007152F6 /* AuthViewController.swift */,
				230078932103867500BEC73F /* RootViewController.swift */,
			);
			path = ViewControllers;
			sourceTree = "<group>";
		};
		A7A5463C2A433216F007098F /* Frameworks */ = {
			isa = PBXGroup;
			children = (
				9AA93D772105A6BB00158E37 /* Security.framework */,
				0CEFF3D0F13A9B1E3F60ACCC /* Pods_ThumbStagram.framework */,
				333393F94404A0C15CC3EB33 /* Pods_ThumbStagramTests.framework */,
				37CA3077ECFDB6E8C25EDFC7 /* Pods_ThumbStagramUITests.framework */,
			);
			name = Frameworks;
			sourceTree = "<group>";
		};
/* End PBXGroup section */

/* Begin PBXNativeTarget section */
		2300788D2103867500BEC73F /* ThumbStagram */ = {
			isa = PBXNativeTarget;
			buildConfigurationList = 230078B62103867800BEC73F /* Build configuration list for PBXNativeTarget "ThumbStagram" */;
			buildPhases = (
				AEBC257752B04865698C252B /* [CP] Check Pods Manifest.lock */,
				2300788A2103867500BEC73F /* Sources */,
				2300788B2103867500BEC73F /* Frameworks */,
				2300788C2103867500BEC73F /* Resources */,
				414F55DB1A0F8EF1F7B89766 /* [CP] Embed Pods Frameworks */,
			);
			buildRules = (
			);
			dependencies = (
			);
			name = ThumbStagram;
			productName = ThumbStagram;
			productReference = 2300788E2103867500BEC73F /* ThumbStagram.app */;
			productType = "com.apple.product-type.application";
		};
		230078A12103867800BEC73F /* ThumbStagramTests */ = {
			isa = PBXNativeTarget;
			buildConfigurationList = 230078B92103867800BEC73F /* Build configuration list for PBXNativeTarget "ThumbStagramTests" */;
			buildPhases = (
				91AECB4FD4873835586436F1 /* [CP] Check Pods Manifest.lock */,
				2300789E2103867800BEC73F /* Sources */,
				2300789F2103867800BEC73F /* Frameworks */,
				230078A02103867800BEC73F /* Resources */,
			);
			buildRules = (
			);
			dependencies = (
				230078A42103867800BEC73F /* PBXTargetDependency */,
			);
			name = ThumbStagramTests;
			productName = ThumbStagramTests;
			productReference = 230078A22103867800BEC73F /* ThumbStagramTests.xctest */;
			productType = "com.apple.product-type.bundle.unit-test";
		};
		230078AC2103867800BEC73F /* ThumbStagramUITests */ = {
			isa = PBXNativeTarget;
			buildConfigurationList = 230078BC2103867800BEC73F /* Build configuration list for PBXNativeTarget "ThumbStagramUITests" */;
			buildPhases = (
				6BFF6E72A32C97B1E37E7885 /* [CP] Check Pods Manifest.lock */,
				230078A92103867800BEC73F /* Sources */,
				230078AA2103867800BEC73F /* Frameworks */,
				230078AB2103867800BEC73F /* Resources */,
			);
			buildRules = (
			);
			dependencies = (
				230078AF2103867800BEC73F /* PBXTargetDependency */,
			);
			name = ThumbStagramUITests;
			productName = ThumbStagramUITests;
			productReference = 230078AD2103867800BEC73F /* ThumbStagramUITests.xctest */;
			productType = "com.apple.product-type.bundle.ui-testing";
		};
/* End PBXNativeTarget section */

/* Begin PBXProject section */
		230078862103867500BEC73F /* Project object */ = {
			isa = PBXProject;
			attributes = {
				LastSwiftUpdateCheck = 0940;
				LastUpgradeCheck = 0940;
				ORGANIZATIONNAME = jake;
				TargetAttributes = {
					2300788D2103867500BEC73F = {
						CreatedOnToolsVersion = 9.4.1;
					};
					230078A12103867800BEC73F = {
						CreatedOnToolsVersion = 9.4.1;
						TestTargetID = 2300788D2103867500BEC73F;
					};
					230078AC2103867800BEC73F = {
						CreatedOnToolsVersion = 9.4.1;
						TestTargetID = 2300788D2103867500BEC73F;
					};
				};
			};
			buildConfigurationList = 230078892103867500BEC73F /* Build configuration list for PBXProject "ThumbStagram" */;
			compatibilityVersion = "Xcode 9.3";
			developmentRegion = en;
			hasScannedForEncodings = 0;
			knownRegions = (
				en,
				Base,
			);
			mainGroup = 230078852103867500BEC73F;
			productRefGroup = 2300788F2103867500BEC73F /* Products */;
			projectDirPath = "";
			projectRoot = "";
			targets = (
				2300788D2103867500BEC73F /* ThumbStagram */,
				230078A12103867800BEC73F /* ThumbStagramTests */,
				230078AC2103867800BEC73F /* ThumbStagramUITests */,
			);
		};
/* End PBXProject section */

/* Begin PBXResourcesBuildPhase section */
		2300788C2103867500BEC73F /* Resources */ = {
			isa = PBXResourcesBuildPhase;
			buildActionMask = 2147483647;
			files = (
				2300789C2103867800BEC73F /* LaunchScreen.storyboard in Resources */,
				230078992103867800BEC73F /* Assets.xcassets in Resources */,
				230078972103867500BEC73F /* Main.storyboard in Resources */,
			);
			runOnlyForDeploymentPostprocessing = 0;
		};
		230078A02103867800BEC73F /* Resources */ = {
			isa = PBXResourcesBuildPhase;
			buildActionMask = 2147483647;
			files = (
			);
			runOnlyForDeploymentPostprocessing = 0;
		};
		230078AB2103867800BEC73F /* Resources */ = {
			isa = PBXResourcesBuildPhase;
			buildActionMask = 2147483647;
			files = (
			);
			runOnlyForDeploymentPostprocessing = 0;
		};
/* End PBXResourcesBuildPhase section */

/* Begin PBXShellScriptBuildPhase section */
		414F55DB1A0F8EF1F7B89766 /* [CP] Embed Pods Frameworks */ = {
			isa = PBXShellScriptBuildPhase;
			buildActionMask = 2147483647;
			files = (
			);
			inputPaths = (
				"${SRCROOT}/Pods/Target Support Files/Pods-ThumbStagram/Pods-ThumbStagram-frameworks.sh",
				"${BUILT_PRODUCTS_DIR}/Alamofire/Alamofire.framework",
				"${BUILT_PRODUCTS_DIR}/KeychainAccess/KeychainAccess.framework",
			);
			name = "[CP] Embed Pods Frameworks";
			outputPaths = (
				"${TARGET_BUILD_DIR}/${FRAMEWORKS_FOLDER_PATH}/Alamofire.framework",
				"${TARGET_BUILD_DIR}/${FRAMEWORKS_FOLDER_PATH}/KeychainAccess.framework",
			);
			runOnlyForDeploymentPostprocessing = 0;
			shellPath = /bin/sh;
			shellScript = "\"${SRCROOT}/Pods/Target Support Files/Pods-ThumbStagram/Pods-ThumbStagram-frameworks.sh\"\n";
			showEnvVarsInLog = 0;
		};
		6BFF6E72A32C97B1E37E7885 /* [CP] Check Pods Manifest.lock */ = {
			isa = PBXShellScriptBuildPhase;
			buildActionMask = 2147483647;
			files = (
			);
			inputPaths = (
				"${PODS_PODFILE_DIR_PATH}/Podfile.lock",
				"${PODS_ROOT}/Manifest.lock",
			);
			name = "[CP] Check Pods Manifest.lock";
			outputPaths = (
				"$(DERIVED_FILE_DIR)/Pods-ThumbStagramUITests-checkManifestLockResult.txt",
			);
			runOnlyForDeploymentPostprocessing = 0;
			shellPath = /bin/sh;
			shellScript = "diff \"${PODS_PODFILE_DIR_PATH}/Podfile.lock\" \"${PODS_ROOT}/Manifest.lock\" > /dev/null\nif [ $? != 0 ] ; then\n    # print error to STDERR\n    echo \"error: The sandbox is not in sync with the Podfile.lock. Run 'pod install' or update your CocoaPods installation.\" >&2\n    exit 1\nfi\n# This output is used by Xcode 'outputs' to avoid re-running this script phase.\necho \"SUCCESS\" > \"${SCRIPT_OUTPUT_FILE_0}\"\n";
			showEnvVarsInLog = 0;
		};
		91AECB4FD4873835586436F1 /* [CP] Check Pods Manifest.lock */ = {
			isa = PBXShellScriptBuildPhase;
			buildActionMask = 2147483647;
			files = (
			);
			inputPaths = (
				"${PODS_PODFILE_DIR_PATH}/Podfile.lock",
				"${PODS_ROOT}/Manifest.lock",
			);
			name = "[CP] Check Pods Manifest.lock";
			outputPaths = (
				"$(DERIVED_FILE_DIR)/Pods-ThumbStagramTests-checkManifestLockResult.txt",
			);
			runOnlyForDeploymentPostprocessing = 0;
			shellPath = /bin/sh;
			shellScript = "diff \"${PODS_PODFILE_DIR_PATH}/Podfile.lock\" \"${PODS_ROOT}/Manifest.lock\" > /dev/null\nif [ $? != 0 ] ; then\n    # print error to STDERR\n    echo \"error: The sandbox is not in sync with the Podfile.lock. Run 'pod install' or update your CocoaPods installation.\" >&2\n    exit 1\nfi\n# This output is used by Xcode 'outputs' to avoid re-running this script phase.\necho \"SUCCESS\" > \"${SCRIPT_OUTPUT_FILE_0}\"\n";
			showEnvVarsInLog = 0;
		};
		AEBC257752B04865698C252B /* [CP] Check Pods Manifest.lock */ = {
			isa = PBXShellScriptBuildPhase;
			buildActionMask = 2147483647;
			files = (
			);
			inputPaths = (
				"${PODS_PODFILE_DIR_PATH}/Podfile.lock",
				"${PODS_ROOT}/Manifest.lock",
			);
			name = "[CP] Check Pods Manifest.lock";
			outputPaths = (
				"$(DERIVED_FILE_DIR)/Pods-ThumbStagram-checkManifestLockResult.txt",
			);
			runOnlyForDeploymentPostprocessing = 0;
			shellPath = /bin/sh;
			shellScript = "diff \"${PODS_PODFILE_DIR_PATH}/Podfile.lock\" \"${PODS_ROOT}/Manifest.lock\" > /dev/null\nif [ $? != 0 ] ; then\n    # print error to STDERR\n    echo \"error: The sandbox is not in sync with the Podfile.lock. Run 'pod install' or update your CocoaPods installation.\" >&2\n    exit 1\nfi\n# This output is used by Xcode 'outputs' to avoid re-running this script phase.\necho \"SUCCESS\" > \"${SCRIPT_OUTPUT_FILE_0}\"\n";
			showEnvVarsInLog = 0;
		};
/* End PBXShellScriptBuildPhase section */

/* Begin PBXSourcesBuildPhase section */
		2300788A2103867500BEC73F /* Sources */ = {
			isa = PBXSourcesBuildPhase;
			buildActionMask = 2147483647;
			files = (
				9AE1A21A210566AD007152F6 /* AuthViewController.swift in Sources */,
				9AE1A21721055984007152F6 /* NetworkManager.swift in Sources */,
				230078942103867500BEC73F /* RootViewController.swift in Sources */,
				230078922103867500BEC73F /* AppDelegate.swift in Sources */,
			);
			runOnlyForDeploymentPostprocessing = 0;
		};
		2300789E2103867800BEC73F /* Sources */ = {
			isa = PBXSourcesBuildPhase;
			buildActionMask = 2147483647;
			files = (
				230078A72103867800BEC73F /* ThumbStagramTests.swift in Sources */,
			);
			runOnlyForDeploymentPostprocessing = 0;
		};
		230078A92103867800BEC73F /* Sources */ = {
			isa = PBXSourcesBuildPhase;
			buildActionMask = 2147483647;
			files = (
				230078B22103867800BEC73F /* ThumbStagramUITests.swift in Sources */,
			);
			runOnlyForDeploymentPostprocessing = 0;
		};
/* End PBXSourcesBuildPhase section */

/* Begin PBXTargetDependency section */
		230078A42103867800BEC73F /* PBXTargetDependency */ = {
			isa = PBXTargetDependency;
			target = 2300788D2103867500BEC73F /* ThumbStagram */;
			targetProxy = 230078A32103867800BEC73F /* PBXContainerItemProxy */;
		};
		230078AF2103867800BEC73F /* PBXTargetDependency */ = {
			isa = PBXTargetDependency;
			target = 2300788D2103867500BEC73F /* ThumbStagram */;
			targetProxy = 230078AE2103867800BEC73F /* PBXContainerItemProxy */;
		};
/* End PBXTargetDependency section */

/* Begin PBXVariantGroup section */
		230078952103867500BEC73F /* Main.storyboard */ = {
			isa = PBXVariantGroup;
			children = (
				230078962103867500BEC73F /* Base */,
			);
			name = Main.storyboard;
			sourceTree = "<group>";
		};
		2300789A2103867800BEC73F /* LaunchScreen.storyboard */ = {
			isa = PBXVariantGroup;
			children = (
				2300789B2103867800BEC73F /* Base */,
			);
			name = LaunchScreen.storyboard;
			sourceTree = "<group>";
		};
/* End PBXVariantGroup section */

/* Begin XCBuildConfiguration section */
		230078B42103867800BEC73F /* Debug */ = {
			isa = XCBuildConfiguration;
			buildSettings = {
				ALWAYS_SEARCH_USER_PATHS = NO;
				CLANG_ANALYZER_NONNULL = YES;
				CLANG_ANALYZER_NUMBER_OBJECT_CONVERSION = YES_AGGRESSIVE;
				CLANG_CXX_LANGUAGE_STANDARD = "gnu++14";
				CLANG_CXX_LIBRARY = "libc++";
				CLANG_ENABLE_MODULES = YES;
				CLANG_ENABLE_OBJC_ARC = YES;
				CLANG_ENABLE_OBJC_WEAK = YES;
				CLANG_WARN_BLOCK_CAPTURE_AUTORELEASING = YES;
				CLANG_WARN_BOOL_CONVERSION = YES;
				CLANG_WARN_COMMA = YES;
				CLANG_WARN_CONSTANT_CONVERSION = YES;
				CLANG_WARN_DEPRECATED_OBJC_IMPLEMENTATIONS = YES;
				CLANG_WARN_DIRECT_OBJC_ISA_USAGE = YES_ERROR;
				CLANG_WARN_DOCUMENTATION_COMMENTS = YES;
				CLANG_WARN_EMPTY_BODY = YES;
				CLANG_WARN_ENUM_CONVERSION = YES;
				CLANG_WARN_INFINITE_RECURSION = YES;
				CLANG_WARN_INT_CONVERSION = YES;
				CLANG_WARN_NON_LITERAL_NULL_CONVERSION = YES;
				CLANG_WARN_OBJC_IMPLICIT_RETAIN_SELF = YES;
				CLANG_WARN_OBJC_LITERAL_CONVERSION = YES;
				CLANG_WARN_OBJC_ROOT_CLASS = YES_ERROR;
				CLANG_WARN_RANGE_LOOP_ANALYSIS = YES;
				CLANG_WARN_STRICT_PROTOTYPES = YES;
				CLANG_WARN_SUSPICIOUS_MOVE = YES;
				CLANG_WARN_UNGUARDED_AVAILABILITY = YES_AGGRESSIVE;
				CLANG_WARN_UNREACHABLE_CODE = YES;
				CLANG_WARN__DUPLICATE_METHOD_MATCH = YES;
				CODE_SIGN_IDENTITY = "iPhone Developer";
				COPY_PHASE_STRIP = NO;
				DEBUG_INFORMATION_FORMAT = dwarf;
				ENABLE_STRICT_OBJC_MSGSEND = YES;
				ENABLE_TESTABILITY = YES;
				GCC_C_LANGUAGE_STANDARD = gnu11;
				GCC_DYNAMIC_NO_PIC = NO;
				GCC_NO_COMMON_BLOCKS = YES;
				GCC_OPTIMIZATION_LEVEL = 0;
				GCC_PREPROCESSOR_DEFINITIONS = (
					"DEBUG=1",
					"$(inherited)",
				);
				GCC_WARN_64_TO_32_BIT_CONVERSION = YES;
				GCC_WARN_ABOUT_RETURN_TYPE = YES_ERROR;
				GCC_WARN_UNDECLARED_SELECTOR = YES;
				GCC_WARN_UNINITIALIZED_AUTOS = YES_AGGRESSIVE;
				GCC_WARN_UNUSED_FUNCTION = YES;
				GCC_WARN_UNUSED_VARIABLE = YES;
				IPHONEOS_DEPLOYMENT_TARGET = 11.4;
				MTL_ENABLE_DEBUG_INFO = YES;
				ONLY_ACTIVE_ARCH = YES;
				SDKROOT = iphoneos;
				SWIFT_ACTIVE_COMPILATION_CONDITIONS = DEBUG;
				SWIFT_OPTIMIZATION_LEVEL = "-Onone";
			};
			name = Debug;
		};
		230078B52103867800BEC73F /* Release */ = {
			isa = XCBuildConfiguration;
			buildSettings = {
				ALWAYS_SEARCH_USER_PATHS = NO;
				CLANG_ANALYZER_NONNULL = YES;
				CLANG_ANALYZER_NUMBER_OBJECT_CONVERSION = YES_AGGRESSIVE;
				CLANG_CXX_LANGUAGE_STANDARD = "gnu++14";
				CLANG_CXX_LIBRARY = "libc++";
				CLANG_ENABLE_MODULES = YES;
				CLANG_ENABLE_OBJC_ARC = YES;
				CLANG_ENABLE_OBJC_WEAK = YES;
				CLANG_WARN_BLOCK_CAPTURE_AUTORELEASING = YES;
				CLANG_WARN_BOOL_CONVERSION = YES;
				CLANG_WARN_COMMA = YES;
				CLANG_WARN_CONSTANT_CONVERSION = YES;
				CLANG_WARN_DEPRECATED_OBJC_IMPLEMENTATIONS = YES;
				CLANG_WARN_DIRECT_OBJC_ISA_USAGE = YES_ERROR;
				CLANG_WARN_DOCUMENTATION_COMMENTS = YES;
				CLANG_WARN_EMPTY_BODY = YES;
				CLANG_WARN_ENUM_CONVERSION = YES;
				CLANG_WARN_INFINITE_RECURSION = YES;
				CLANG_WARN_INT_CONVERSION = YES;
				CLANG_WARN_NON_LITERAL_NULL_CONVERSION = YES;
				CLANG_WARN_OBJC_IMPLICIT_RETAIN_SELF = YES;
				CLANG_WARN_OBJC_LITERAL_CONVERSION = YES;
				CLANG_WARN_OBJC_ROOT_CLASS = YES_ERROR;
				CLANG_WARN_RANGE_LOOP_ANALYSIS = YES;
				CLANG_WARN_STRICT_PROTOTYPES = YES;
				CLANG_WARN_SUSPICIOUS_MOVE = YES;
				CLANG_WARN_UNGUARDED_AVAILABILITY = YES_AGGRESSIVE;
				CLANG_WARN_UNREACHABLE_CODE = YES;
				CLANG_WARN__DUPLICATE_METHOD_MATCH = YES;
				CODE_SIGN_IDENTITY = "iPhone Developer";
				COPY_PHASE_STRIP = NO;
				DEBUG_INFORMATION_FORMAT = "dwarf-with-dsym";
				ENABLE_NS_ASSERTIONS = NO;
				ENABLE_STRICT_OBJC_MSGSEND = YES;
				GCC_C_LANGUAGE_STANDARD = gnu11;
				GCC_NO_COMMON_BLOCKS = YES;
				GCC_WARN_64_TO_32_BIT_CONVERSION = YES;
				GCC_WARN_ABOUT_RETURN_TYPE = YES_ERROR;
				GCC_WARN_UNDECLARED_SELECTOR = YES;
				GCC_WARN_UNINITIALIZED_AUTOS = YES_AGGRESSIVE;
				GCC_WARN_UNUSED_FUNCTION = YES;
				GCC_WARN_UNUSED_VARIABLE = YES;
				IPHONEOS_DEPLOYMENT_TARGET = 11.4;
				MTL_ENABLE_DEBUG_INFO = NO;
				SDKROOT = iphoneos;
				SWIFT_COMPILATION_MODE = wholemodule;
				SWIFT_OPTIMIZATION_LEVEL = "-O";
				VALIDATE_PRODUCT = YES;
			};
			name = Release;
		};
		230078B72103867800BEC73F /* Debug */ = {
			isa = XCBuildConfiguration;
			baseConfigurationReference = 7F296E6FF72048EDF22F1482 /* Pods-ThumbStagram.debug.xcconfig */;
			buildSettings = {
				ASSETCATALOG_COMPILER_APPICON_NAME = AppIcon;
				CODE_SIGN_STYLE = Automatic;
				DEVELOPMENT_TEAM = F9553L7VB9;
				INFOPLIST_FILE = ThumbStagram/Info.plist;
				LD_RUNPATH_SEARCH_PATHS = (
					"$(inherited)",
					"@executable_path/Frameworks",
				);
				PRODUCT_BUNDLE_IDENTIFIER = com.inicis.ThumbStagram;
				PRODUCT_NAME = "$(TARGET_NAME)";
				SWIFT_VERSION = 4.0;
				TARGETED_DEVICE_FAMILY = "1,2";
			};
			name = Debug;
		};
		230078B82103867800BEC73F /* Release */ = {
			isa = XCBuildConfiguration;
			baseConfigurationReference = 3C0B2F51D3DB6A4B1BD4BCBC /* Pods-ThumbStagram.release.xcconfig */;
			buildSettings = {
				ASSETCATALOG_COMPILER_APPICON_NAME = AppIcon;
				CODE_SIGN_STYLE = Automatic;
				DEVELOPMENT_TEAM = F9553L7VB9;
				INFOPLIST_FILE = ThumbStagram/Info.plist;
				LD_RUNPATH_SEARCH_PATHS = (
					"$(inherited)",
					"@executable_path/Frameworks",
				);
				PRODUCT_BUNDLE_IDENTIFIER = com.inicis.ThumbStagram;
				PRODUCT_NAME = "$(TARGET_NAME)";
				SWIFT_VERSION = 4.0;
				TARGETED_DEVICE_FAMILY = "1,2";
			};
			name = Release;
		};
		230078BA2103867800BEC73F /* Debug */ = {
			isa = XCBuildConfiguration;
			baseConfigurationReference = 906D3D42CAB62A57BFA333D4 /* Pods-ThumbStagramTests.debug.xcconfig */;
			buildSettings = {
				ALWAYS_EMBED_SWIFT_STANDARD_LIBRARIES = YES;
				BUNDLE_LOADER = "$(TEST_HOST)";
				CODE_SIGN_STYLE = Automatic;
				DEVELOPMENT_TEAM = H8ZP5V9CXT;
				INFOPLIST_FILE = ThumbStagramTests/Info.plist;
				LD_RUNPATH_SEARCH_PATHS = (
					"$(inherited)",
					"@executable_path/Frameworks",
					"@loader_path/Frameworks",
				);
				PRODUCT_BUNDLE_IDENTIFIER = com.jake.ThumbStagramTests;
				PRODUCT_NAME = "$(TARGET_NAME)";
				SWIFT_VERSION = 4.0;
				TARGETED_DEVICE_FAMILY = "1,2";
				TEST_HOST = "$(BUILT_PRODUCTS_DIR)/ThumbStagram.app/ThumbStagram";
			};
			name = Debug;
		};
		230078BB2103867800BEC73F /* Release */ = {
			isa = XCBuildConfiguration;
			baseConfigurationReference = F40E1212F0527B6EC643FB5A /* Pods-ThumbStagramTests.release.xcconfig */;
			buildSettings = {
				ALWAYS_EMBED_SWIFT_STANDARD_LIBRARIES = YES;
				BUNDLE_LOADER = "$(TEST_HOST)";
				CODE_SIGN_STYLE = Automatic;
				DEVELOPMENT_TEAM = H8ZP5V9CXT;
				INFOPLIST_FILE = ThumbStagramTests/Info.plist;
				LD_RUNPATH_SEARCH_PATHS = (
					"$(inherited)",
					"@executable_path/Frameworks",
					"@loader_path/Frameworks",
				);
				PRODUCT_BUNDLE_IDENTIFIER = com.jake.ThumbStagramTests;
				PRODUCT_NAME = "$(TARGET_NAME)";
				SWIFT_VERSION = 4.0;
				TARGETED_DEVICE_FAMILY = "1,2";
				TEST_HOST = "$(BUILT_PRODUCTS_DIR)/ThumbStagram.app/ThumbStagram";
			};
			name = Release;
		};
		230078BD2103867800BEC73F /* Debug */ = {
			isa = XCBuildConfiguration;
			baseConfigurationReference = B493C989CA397708C6367B34 /* Pods-ThumbStagramUITests.debug.xcconfig */;
			buildSettings = {
				ALWAYS_EMBED_SWIFT_STANDARD_LIBRARIES = YES;
				CODE_SIGN_STYLE = Automatic;
				DEVELOPMENT_TEAM = H8ZP5V9CXT;
				INFOPLIST_FILE = ThumbStagramUITests/Info.plist;
				LD_RUNPATH_SEARCH_PATHS = (
					"$(inherited)",
					"@executable_path/Frameworks",
					"@loader_path/Frameworks",
				);
				PRODUCT_BUNDLE_IDENTIFIER = com.jake.ThumbStagramUITests;
				PRODUCT_NAME = "$(TARGET_NAME)";
				SWIFT_VERSION = 4.0;
				TARGETED_DEVICE_FAMILY = "1,2";
				TEST_TARGET_NAME = ThumbStagram;
			};
			name = Debug;
		};
		230078BE2103867800BEC73F /* Release */ = {
			isa = XCBuildConfiguration;
			baseConfigurationReference = E52E74A55928250D80B2B6A3 /* Pods-ThumbStagramUITests.release.xcconfig */;
			buildSettings = {
				ALWAYS_EMBED_SWIFT_STANDARD_LIBRARIES = YES;
				CODE_SIGN_STYLE = Automatic;
				DEVELOPMENT_TEAM = H8ZP5V9CXT;
				INFOPLIST_FILE = ThumbStagramUITests/Info.plist;
				LD_RUNPATH_SEARCH_PATHS = (
					"$(inherited)",
					"@executable_path/Frameworks",
					"@loader_path/Frameworks",
				);
				PRODUCT_BUNDLE_IDENTIFIER = com.jake.ThumbStagramUITests;
				PRODUCT_NAME = "$(TARGET_NAME)";
				SWIFT_VERSION = 4.0;
				TARGETED_DEVICE_FAMILY = "1,2";
				TEST_TARGET_NAME = ThumbStagram;
			};
			name = Release;
		};
/* End XCBuildConfiguration section */

/* Begin XCConfigurationList section */
		230078892103867500BEC73F /* Build configuration list for PBXProject "ThumbStagram" */ = {
			isa = XCConfigurationList;
			buildConfigurations = (
				230078B42103867800BEC73F /* Debug */,
				230078B52103867800BEC73F /* Release */,
			);
			defaultConfigurationIsVisible = 0;
			defaultConfigurationName = Release;
		};
		230078B62103867800BEC73F /* Build configuration list for PBXNativeTarget "ThumbStagram" */ = {
			isa = XCConfigurationList;
			buildConfigurations = (
				230078B72103867800BEC73F /* Debug */,
				230078B82103867800BEC73F /* Release */,
			);
			defaultConfigurationIsVisible = 0;
			defaultConfigurationName = Release;
		};
		230078B92103867800BEC73F /* Build configuration list for PBXNativeTarget "ThumbStagramTests" */ = {
			isa = XCConfigurationList;
			buildConfigurations = (
				230078BA2103867800BEC73F /* Debug */,
				230078BB2103867800BEC73F /* Release */,
			);
			defaultConfigurationIsVisible = 0;
			defaultConfigurationName = Release;
		};
		230078BC2103867800BEC73F /* Build configuration list for PBXNativeTarget "ThumbStagramUITests" */ = {
			isa = XCConfigurationList;
			buildConfigurations = (
				230078BD2103867800BEC73F /* Debug */,
				230078BE2103867800BEC73F /* Release */,
			);
			defaultConfigurationIsVisible = 0;
			defaultConfigurationName = Release;
		};
/* End XCConfigurationList section */
	};
	rootObject = 230078862103867500BEC73F /* Project object */;
}
